
Microsoft Visual Studio Solution File, Format Version 12.00
# Visual Studio Version 17
VisualStudioVersion = 17.11.35327.3
MinimumVisualStudioVersion = 10.0.40219.1
Project("{FAE04EC0-301F-11D3-BF4B-00C04F79EFBC}") = "SensorDTH2", "SensorDTH2\SensorDTH2.csproj", "{3BEF2ADB-8E9B-466F-951B-8B44EB9E8350}"
EndProject
Global
	GlobalSection(SolutionConfigurationPlatforms) = preSolution
		Debug|Any CPU = Debug|Any CPU
		Release|Any CPU = Release|Any CPU
	EndGlobalSection
	GlobalSection(ProjectConfigurationPlatforms) = postSolution
		{3BEF2ADB-8E9B-466F-951B-8B44EB9E8350}.Debug|Any CPU.ActiveCfg = Debug|Any CPU
		{3BEF2ADB-8E9B-466F-951B-8B44EB9E8350}.Debug|Any CPU.Build.0 = Debug|Any CPU
		{3BEF2ADB-8E9B-466F-951B-8B44EB9E8350}.Release|Any CPU.ActiveCfg = Release|Any CPU
		{3BEF2ADB-8E9B-466F-951B-8B44EB9E8350}.Release|Any CPU.Build.0 = Release|Any CPU
	EndGlobalSection
	GlobalSection(SolutionProperties) = preSolution
		HideSolutionNode = FALSE
	EndGlobalSection
	GlobalSection(ExtensibilityGlobals) = postSolution
		SolutionGuid = {CC38B77D-6F12-4BAA-97BF-AF4FC5F2FC49}
	EndGlobalSection
EndGlobal
